{
  "name": "5efiller",
  "version": "1.0.0",
  "lockfileVersion": 2,
  "requires": true,
  "packages": {
    "": {
      "name": "5efiller",
      "version": "1.0.0",
      "license": "GPL-3.0-or-later",
      "dependencies": {
        "pdffiller": "^0.0.11"
      }
    },
    "node_modules/iconv": {
      "version": "3.0.1",
      "resolved": "https://registry.npmjs.org/iconv/-/iconv-3.0.1.tgz",
      "integrity": "sha512-lJnFLxVc0d82R7GfU7a9RujKVUQ3Eee19tPKWZWBJtAEGRHVEyFzCtbNl3GPKuDnHBBRT4/nDS4Ru9AIDT72qA==",
      "hasInstallScript": true,
      "engines": {
        "node": ">=10.0.0"
      }
    },
    "node_modules/lodash": {
      "version": "4.17.21",
      "resolved": "https://registry.npmjs.org/lodash/-/lodash-4.17.21.tgz",
      "integrity": "sha512-v2kDEe57lecTulaDIuNTPy3Ry4gLGJ6Z1O3vE1krgXZNrsQ+LFTGHVxVjcXPs17LhbZVGedAJv8XZ1tvj5FvSg=="
    },
    "node_modules/pdffiller": {
      "version": "0.0.11",
      "resolved": "https://registry.npmjs.org/pdffiller/-/pdffiller-0.0.11.tgz",
      "integrity": "sha512-VuiWyEgydNVeXX1rAhU+3yimEiZegtuMIBhS54bm8K6WHLzS8OSbGdVefJQGD49mmRlfCxi87JkSjyx468C8kQ==",
      "dependencies": {
        "lodash": "~4.17.11",
        "utf8-fdf-generator": "0.0.3"
      }
    },
    "node_modules/utf8-fdf-generator": {
      "version": "0.0.3",
      "resolved": "https://registry.npmjs.org/utf8-fdf-generator/-/utf8-fdf-generator-0.0.3.tgz",
      "integrity": "sha1-OX6PeUDCdtDj1DXsJ7F9Olfo+c4=",
      "dependencies": {
        "iconv": "*"
      },
      "engines": {
        "node": "*"
      }
    }
  },
  "dependencies": {
    "iconv": {
      "version": "3.0.1",
      "resolved": "https://registry.npmjs.org/iconv/-/iconv-3.0.1.tgz",
      "integrity": "sha512-lJnFLxVc0d82R7GfU7a9RujKVUQ3Eee19tPKWZWBJtAEGRHVEyFzCtbNl3GPKuDnHBBRT4/nDS4Ru9AIDT72qA=="
    },
    "lodash": {
      "version": "4.17.21",
      "resolved": "https://registry.npmjs.org/lodash/-/lodash-4.17.21.tgz",
      "integrity": "sha512-v2kDEe57lecTulaDIuNTPy3Ry4gLGJ6Z1O3vE1krgXZNrsQ+LFTGHVxVjcXPs17LhbZVGedAJv8XZ1tvj5FvSg=="
    },
    "pdffiller": {
      "version": "0.0.11",
      "resolved": "https://registry.npmjs.org/pdffiller/-/pdffiller-0.0.11.tgz",
      "integrity": "sha512-VuiWyEgydNVeXX1rAhU+3yimEiZegtuMIBhS54bm8K6WHLzS8OSbGdVefJQGD49mmRlfCxi87JkSjyx468C8kQ==",
      "requires": {
        "lodash": "~4.17.11",
        "utf8-fdf-generator": "0.0.3"
      }
    },
    "utf8-fdf-generator": {
      "version": "0.0.3",
      "resolved": "https://registry.npmjs.org/utf8-fdf-generator/-/utf8-fdf-generator-0.0.3.tgz",
      "integrity": "sha1-OX6PeUDCdtDj1DXsJ7F9Olfo+c4=",
      "requires": {
        "iconv": "*"
      }
    }
  }
}
